{
  "requires": true,
  "lockfileVersion": 1,
  "dependencies": {
    "@spectrum-css/button": {
      "version": "2.0.3",
      "resolved": "https://registry.npmjs.org/@spectrum-css/button/-/button-2.0.3.tgz",
      "integrity": "sha512-dsf0bwQb3FyZlu8+vxB4yqsh5uZVWb9u9ecRjZ5mFlBgQjw/2G59g+SiBZk1w5ULfQzI/SrBBdyATxg7XNOQqg=="
    },
    "@spectrum-css/fieldlabel": {
      "version": "2.0.0",
      "resolved": "https://registry.npmjs.org/@spectrum-css/fieldlabel/-/fieldlabel-2.0.0.tgz",
      "integrity": "sha512-/P7wVLjSflVQl3IfI+wHl0D9MiFMFh7mCoQvkvmgqdJPXYdngnbT4qeJmrIirhMiqAkdssmPiVgBKrrRDk2Row=="
    },
    "@spectrum-css/page": {
      "version": "2.0.3",
      "resolved": "https://registry.npmjs.org/@spectrum-css/page/-/page-2.0.3.tgz",
      "integrity": "sha512-zogxfawL//xNzaSkKjUcstkrkZtAxJO+99vtrcxf0O0f7BplQpxMn8xpZkgoRoZOZf5W5uCrj/Lk7/Nnx7R/3w==",
      "requires": {
        "@spectrum-css/vars": "2.0.3"
      }
    },
    "@spectrum-css/vars": {
      "version": "2.0.3",
      "resolved": "https://registry.npmjs.org/@spectrum-css/vars/-/vars-2.0.3.tgz",
      "integrity": "sha512-q3cLSAb7/wh8cufwSMGzAJXLEkhz9FW4Vfs9RiBj5TBeK021T1YtnRJvshFKxgiBl8EHC0L3gwkbC6UvkLuQqA=="
    }
  }
}
